
Microsoft Visual Studio Solution File, Format Version 12.00
# Visual Studio Version 17
VisualStudioVersion = 17.11.35327.3
MinimumVisualStudioVersion = 10.0.40219.1
Project("{FAE04EC0-301F-11D3-BF4B-00C04F79EFBC}") = "ImageProcessor_WebApi", "ImageProcessor_WebApi\ImageProcessor_WebApi.csproj", "{69BC9730-55CA-4E2D-97CF-380F08156F61}"
EndProject
Global
	GlobalSection(SolutionConfigurationPlatforms) = preSolution
		Debug|Any CPU = Debug|Any CPU
		Release|Any CPU = Release|Any CPU
	EndGlobalSection
	GlobalSection(ProjectConfigurationPlatforms) = postSolution
		{69BC9730-55CA-4E2D-97CF-380F08156F61}.Debug|Any CPU.ActiveCfg = Debug|Any CPU
		{69BC9730-55CA-4E2D-97CF-380F08156F61}.Debug|Any CPU.Build.0 = Debug|Any CPU
		{69BC9730-55CA-4E2D-97CF-380F08156F61}.Release|Any CPU.ActiveCfg = Release|Any CPU
		{69BC9730-55CA-4E2D-97CF-380F08156F61}.Release|Any CPU.Build.0 = Release|Any CPU
	EndGlobalSection
	GlobalSection(SolutionProperties) = preSolution
		HideSolutionNode = FALSE
	EndGlobalSection
	GlobalSection(ExtensibilityGlobals) = postSolution
		SolutionGuid = {08229740-E58C-41F9-AB3F-D597A02E25EC}
	EndGlobalSection
EndGlobal
